
Microsoft Visual Studio Solution File, Format Version 12.00
Project("{2150E333-8FDC-42A3-9474-1A3956D46DE8}") = "Source", "Source", "{BA4A7F59-EBC5-46A0-9F57-3FB27373030A}"
EndProject
Project("{2150E333-8FDC-42A3-9474-1A3956D46DE8}") = "Tests", "Tests", "{B811C584-72BC-4489-8F61-7B8DB86C8D30}"
EndProject
Project("{2150E333-8FDC-42A3-9474-1A3956D46DE8}") = "Benchmarks", "Benchmarks", "{D5A66700-9C0B-481A-A7F0-35B28652584F}"
EndProject
Project("{FAE04EC0-301F-11D3-BF4B-00C04F79EFBC}") = "Portfolio.DataBridgez.IdentityProvider", "Portfolio.DataBridgez.IdentityProvider\Portfolio.DataBridgez.IdentityProvider.csproj", "{B320FDCC-2186-412A-800B-DDF6914C5139}"
EndProject
Project("{FAE04EC0-301F-11D3-BF4B-00C04F79EFBC}") = "Portfolio.Databridgez.Domain", "Portfolio.Databridgez.Domain\Portfolio.Databridgez.Domain.csproj", "{095F16F9-7513-4AE6-A75C-87FAC03228B8}"
EndProject
Project("{FAE04EC0-301F-11D3-BF4B-00C04F79EFBC}") = "Portfolio.Databridgez.Application", "Portfolio.Databridgez.Application\Portfolio.Databridgez.Application.csproj", "{5CF0049F-30A1-4AED-AEA6-BC70C86887E1}"
EndProject
Project("{FAE04EC0-301F-11D3-BF4B-00C04F79EFBC}") = "Portfolio.Databridgez.Infrastructure", "Portfolio.Databridgez.Infrastructure\Portfolio.Databridgez.Infrastructure.csproj", "{398AB6F8-14B9-431B-8D5A-CA55466CDB89}"
EndProject
Global
	GlobalSection(SolutionConfigurationPlatforms) = preSolution
		Debug|Any CPU = Debug|Any CPU
		Release|Any CPU = Release|Any CPU
	EndGlobalSection
	GlobalSection(NestedProjects) = preSolution
		{B320FDCC-2186-412A-800B-DDF6914C5139} = {BA4A7F59-EBC5-46A0-9F57-3FB27373030A}
		{095F16F9-7513-4AE6-A75C-87FAC03228B8} = {BA4A7F59-EBC5-46A0-9F57-3FB27373030A}
		{5CF0049F-30A1-4AED-AEA6-BC70C86887E1} = {BA4A7F59-EBC5-46A0-9F57-3FB27373030A}
		{398AB6F8-14B9-431B-8D5A-CA55466CDB89} = {BA4A7F59-EBC5-46A0-9F57-3FB27373030A}
	EndGlobalSection
	GlobalSection(ProjectConfigurationPlatforms) = postSolution
		{B320FDCC-2186-412A-800B-DDF6914C5139}.Debug|Any CPU.ActiveCfg = Debug|Any CPU
		{B320FDCC-2186-412A-800B-DDF6914C5139}.Debug|Any CPU.Build.0 = Debug|Any CPU
		{B320FDCC-2186-412A-800B-DDF6914C5139}.Release|Any CPU.ActiveCfg = Release|Any CPU
		{B320FDCC-2186-412A-800B-DDF6914C5139}.Release|Any CPU.Build.0 = Release|Any CPU
		{095F16F9-7513-4AE6-A75C-87FAC03228B8}.Debug|Any CPU.ActiveCfg = Debug|Any CPU
		{095F16F9-7513-4AE6-A75C-87FAC03228B8}.Debug|Any CPU.Build.0 = Debug|Any CPU
		{095F16F9-7513-4AE6-A75C-87FAC03228B8}.Release|Any CPU.ActiveCfg = Release|Any CPU
		{095F16F9-7513-4AE6-A75C-87FAC03228B8}.Release|Any CPU.Build.0 = Release|Any CPU
		{5CF0049F-30A1-4AED-AEA6-BC70C86887E1}.Debug|Any CPU.ActiveCfg = Debug|Any CPU
		{5CF0049F-30A1-4AED-AEA6-BC70C86887E1}.Debug|Any CPU.Build.0 = Debug|Any CPU
		{5CF0049F-30A1-4AED-AEA6-BC70C86887E1}.Release|Any CPU.ActiveCfg = Release|Any CPU
		{5CF0049F-30A1-4AED-AEA6-BC70C86887E1}.Release|Any CPU.Build.0 = Release|Any CPU
		{398AB6F8-14B9-431B-8D5A-CA55466CDB89}.Debug|Any CPU.ActiveCfg = Debug|Any CPU
		{398AB6F8-14B9-431B-8D5A-CA55466CDB89}.Debug|Any CPU.Build.0 = Debug|Any CPU
		{398AB6F8-14B9-431B-8D5A-CA55466CDB89}.Release|Any CPU.ActiveCfg = Release|Any CPU
		{398AB6F8-14B9-431B-8D5A-CA55466CDB89}.Release|Any CPU.Build.0 = Release|Any CPU
	EndGlobalSection
EndGlobal
